{
  "name": "rgue-worker",
  "version": "1.0.0",
  "lockfileVersion": 3,
  "requires": true,
  "packages": {
    "": {
      "name": "rgue-worker",
      "version": "1.0.0",
      "dependencies": {
        "itty-router": "^2.6.2"
      }
    },
    "node_modules/itty-router": {
      "version": "2.6.6",
      "resolved": "https://registry.npmjs.org/itty-router/-/itty-router-2.6.6.tgz",
      "integrity": "sha512-hIPHtXGymCX7Lzb2I4G6JgZFE4QEEQwst9GORK7sMYUpJvLfy4yZJr95r04e8DzoAnj6HcxM2m4TbK+juu+18g=="
    }
  }
}
